
Microsoft Visual Studio Solution File, Format Version 12.00
# Visual Studio 15
VisualStudioVersion = 15.0.28307.106
MinimumVisualStudioVersion = 10.0.40219.1
Project("{FAE04EC0-301F-11D3-BF4B-00C04F79EFBC}") = "PerfumeLanci", "PerfumeLanci\PerfumeLanci.csproj", "{3508FA3A-BAD5-47A5-8A67-494770EA75CA}"
EndProject
Global
	GlobalSection(SolutionConfigurationPlatforms) = preSolution
		Debug|Any CPU = Debug|Any CPU
		Release|Any CPU = Release|Any CPU
	EndGlobalSection
	GlobalSection(ProjectConfigurationPlatforms) = postSolution
		{3508FA3A-BAD5-47A5-8A67-494770EA75CA}.Debug|Any CPU.ActiveCfg = Debug|Any CPU
		{3508FA3A-BAD5-47A5-8A67-494770EA75CA}.Debug|Any CPU.Build.0 = Debug|Any CPU
		{3508FA3A-BAD5-47A5-8A67-494770EA75CA}.Release|Any CPU.ActiveCfg = Release|Any CPU
		{3508FA3A-BAD5-47A5-8A67-494770EA75CA}.Release|Any CPU.Build.0 = Release|Any CPU
	EndGlobalSection
	GlobalSection(SolutionProperties) = preSolution
		HideSolutionNode = FALSE
	EndGlobalSection
	GlobalSection(ExtensibilityGlobals) = postSolution
		SolutionGuid = {A735C703-24AB-4FD8-9510-FB5FD730E69F}
	EndGlobalSection
EndGlobal
